
Microsoft Visual Studio Solution File, Format Version 12.00
# Visual Studio Version 16
VisualStudioVersion = 16.0.34301.259
MinimumVisualStudioVersion = 10.0.40219.1
Project("{2150E333-8FDC-42A3-9474-1A3956D46DE8}") = "Task0", "Task0", "{D7591708-9A83-4505-8D8D-8BD897550BBB}"
EndProject
Project("{FAE04EC0-301F-11D3-BF4B-00C04F79EFBC}") = "Tyuiu.BotterVV.Sprint6.Task0.V17", "Tyuiu.BotterVV.Sprint6.Task0.V17\Tyuiu.BotterVV.Sprint6.Task0.V17.csproj", "{79944033-56D4-43B3-AABB-639446F8D8E3}"
EndProject
Project("{FAE04EC0-301F-11D3-BF4B-00C04F79EFBC}") = "Tyuiu.BotterVV.Sprint6.Task0.V17.Lib", "Tyuiu.BotterVV.Sprint6.Task0.V17.Lib\Tyuiu.BotterVV.Sprint6.Task0.V17.Lib.csproj", "{2C4E5E66-E7F4-4748-ABDC-4B4690E448F3}"
EndProject
Project("{FAE04EC0-301F-11D3-BF4B-00C04F79EFBC}") = "Tyuiu.BotterVV.Sprint6.Task0.V17.Test", "Tyuiu.BotterVV.Sprint6.Task0.V17.Test\Tyuiu.BotterVV.Sprint6.Task0.V17.Test.csproj", "{7FD15B57-6211-4C1C-A6F9-D428D3C68673}"
EndProject
Project("{2150E333-8FDC-42A3-9474-1A3956D46DE8}") = "Task1", "Task1", "{036E44DD-E90F-44EB-ABB6-DCB3C347E229}"
EndProject
Project("{FAE04EC0-301F-11D3-BF4B-00C04F79EFBC}") = "Tyuiu.BotterVV.Sprint6.Task1.V14", "Tyuiu.BotterVV.Sprint6.Task1.V14\Tyuiu.BotterVV.Sprint6.Task1.V14.csproj", "{B1578120-97F8-4ADD-BE9F-5191C0888075}"
EndProject
Project("{FAE04EC0-301F-11D3-BF4B-00C04F79EFBC}") = "Tyuiu.BotterVV.Sprint6.Task1.V14.Test", "Tyuiu.BotterVV.Sprint6.Task1.V14.Test\Tyuiu.BotterVV.Sprint6.Task1.V14.Test.csproj", "{92DA1073-FA72-4FC5-9657-418FB4EB7929}"
EndProject
Project("{FAE04EC0-301F-11D3-BF4B-00C04F79EFBC}") = "Tyuiu.BotterVV.Sprint6.Task1.V14.Lib", "Tyuiu.BotterVV.Sprint6.Task1.V14.Lib\Tyuiu.BotterVV.Sprint6.Task1.V14.Lib.csproj", "{D729DAC3-F1E8-437F-8633-14BC2472A2A9}"
EndProject
Project("{2150E333-8FDC-42A3-9474-1A3956D46DE8}") = "Task2", "Task2", "{46CCFA3D-EB57-4C34-A233-B5C0C965881F}"
EndProject
Project("{FAE04EC0-301F-11D3-BF4B-00C04F79EFBC}") = "Tyuiu.BotterVV.Sprint6.Task2.V29", "Tyuiu.BotterVV.Sprint6.Task2.V29\Tyuiu.BotterVV.Sprint6.Task2.V29.csproj", "{7A55FD77-18A3-4A53-9E52-D5539A525D29}"
EndProject
Project("{FAE04EC0-301F-11D3-BF4B-00C04F79EFBC}") = "Tyuiu.BotterVV.Sprint6.Task2.V29.Lib", "Tyuiu.BotterVV.Sprint6.Task2.V29.Lib\Tyuiu.BotterVV.Sprint6.Task2.V29.Lib.csproj", "{88CB32CF-52AD-447E-8C2D-2D0BF5DAB293}"
EndProject
Project("{FAE04EC0-301F-11D3-BF4B-00C04F79EFBC}") = "Tyuiu.BotterVV.Sprint6.Task2.V29.Test", "Tyuiu.BotterVV.Sprint6.Task2.V29.Test\Tyuiu.BotterVV.Sprint6.Task2.V29.Test.csproj", "{9B9F8114-7FB4-4BAD-B8D7-97C3298B558A}"
EndProject
Project("{2150E333-8FDC-42A3-9474-1A3956D46DE8}") = "Task3", "Task3", "{59C859A7-C1E5-494D-B3AD-14574AED6CBA}"
EndProject
Project("{FAE04EC0-301F-11D3-BF4B-00C04F79EFBC}") = "Tyuiu.BotterVV.Sprint6.Task3.V23", "Tyuiu.BotterVV.Sprint6.Task3.V23\Tyuiu.BotterVV.Sprint6.Task3.V23.csproj", "{99D5E6B5-044A-4E2D-9C30-64EDF2FE2F9A}"
EndProject
Project("{FAE04EC0-301F-11D3-BF4B-00C04F79EFBC}") = "Tyuiu.BotterVV.Sprint6.Task3.V23.Lib", "Tyuiu.BotterVV.Sprint6.Task3.V23.Lib\Tyuiu.BotterVV.Sprint6.Task3.V23.Lib.csproj", "{70EF770E-4B6B-43E4-8B6A-A9042B91DB75}"
EndProject
Project("{FAE04EC0-301F-11D3-BF4B-00C04F79EFBC}") = "Tyuiu.BotterVV.Sprint6.Task3.V23.Test", "Tyuiu.BotterVV.Sprint6.Task3.V23.Test\Tyuiu.BotterVV.Sprint6.Task3.V23.Test.csproj", "{984DBB99-FC59-469E-856E-3CA080661D23}"
EndProject
Project("{2150E333-8FDC-42A3-9474-1A3956D46DE8}") = "Task4", "Task4", "{4B494202-404D-44D0-B72E-A3C7CD99ED77}"
EndProject
Project("{FAE04EC0-301F-11D3-BF4B-00C04F79EFBC}") = "Tyuiu.BotterVV.Sprint6.Task4.V30", "Tyuiu.BotterVV.Sprint6.Task4.V30\Tyuiu.BotterVV.Sprint6.Task4.V30.csproj", "{FF7D9662-FF64-4005-8761-467AC356DB34}"
EndProject
Project("{FAE04EC0-301F-11D3-BF4B-00C04F79EFBC}") = "Tyuiu.BotterVV.Sprint6.Task4.V30.Test", "Tyuiu.BotterVV.Sprint6.Task4.V30.Test\Tyuiu.BotterVV.Sprint6.Task4.V30.Test.csproj", "{0DE041FE-3F0D-4857-BE18-11516BA06664}"
EndProject
Project("{FAE04EC0-301F-11D3-BF4B-00C04F79EFBC}") = "Tyuiu.BotterVV.Sprint6.Task4.V30.Lib", "Tyuiu.BotterVV.Sprint6.Task4.V30.Lib\Tyuiu.BotterVV.Sprint6.Task4.V30.Lib.csproj", "{CCE07381-FB20-4E36-A97F-BD68797F7FB3}"
EndProject
Project("{2150E333-8FDC-42A3-9474-1A3956D46DE8}") = "Task5", "Task5", "{2C53EC07-D638-42DB-A580-0E4F30684668}"
EndProject
Project("{FAE04EC0-301F-11D3-BF4B-00C04F79EFBC}") = "Tyuiu.BotterVV.Sprint6.Task5.V4", "Tyuiu.BotterVV.Sprint6.Task5.V4\Tyuiu.BotterVV.Sprint6.Task5.V4.csproj", "{06A4445E-205F-45C6-B6B4-757AB3636F00}"
EndProject
Project("{FAE04EC0-301F-11D3-BF4B-00C04F79EFBC}") = "Tyuiu.BotterVV.Sprint6.Task5.V4.Lib", "Tyuiu.BotterVV.Sprint6.Task5.V4.Lib\Tyuiu.BotterVV.Sprint6.Task5.V4.Lib.csproj", "{B4580A44-766F-46D0-BF5E-4B5817AD90AA}"
EndProject
Project("{FAE04EC0-301F-11D3-BF4B-00C04F79EFBC}") = "Tyuiu.BotterVV.Sprint6.Task5.V4.Test", "Tyuiu.BotterVV.Sprint6.Task5.V4.Test\Tyuiu.BotterVV.Sprint6.Task5.V4.Test.csproj", "{16F25CC4-41EB-42C6-B4E9-3DA38A9D766E}"
EndProject
Project("{2150E333-8FDC-42A3-9474-1A3956D46DE8}") = "Task6", "Task6", "{EFADA0D0-01A9-46E8-9D52-4FF29843BECB}"
EndProject
Project("{FAE04EC0-301F-11D3-BF4B-00C04F79EFBC}") = "Tyuiu.BotterVV.Sprint6.Task6.V6", "Tyuiu.BotterVV.Sprint6.Task6.V6\Tyuiu.BotterVV.Sprint6.Task6.V6.csproj", "{F4B57628-931F-425C-B749-CDEBF61F9454}"
EndProject
Project("{FAE04EC0-301F-11D3-BF4B-00C04F79EFBC}") = "Tyuiu.BotterVV.Sprint6.Task6.V6.Lib", "Tyuiu.BotterVV.Sprint6.Task6.V6.Lib\Tyuiu.BotterVV.Sprint6.Task6.V6.Lib.csproj", "{8683FC94-E3BF-40C4-B1B2-8DDE0FAAEBBE}"
EndProject
Project("{FAE04EC0-301F-11D3-BF4B-00C04F79EFBC}") = "Tyuiu.BotterVV.Sprint6.Task6.V6.Test", "Tyuiu.BotterVV.Sprint6.Task6.V6.Test\Tyuiu.BotterVV.Sprint6.Task6.V6.Test.csproj", "{8B57EFB2-B823-4F2E-BE06-3B69DE8C56ED}"
EndProject
Project("{2150E333-8FDC-42A3-9474-1A3956D46DE8}") = "Task7", "Task7", "{82AAA941-656D-4089-BE54-03C3CB47FB88}"
EndProject
Project("{FAE04EC0-301F-11D3-BF4B-00C04F79EFBC}") = "Tyuiu.BotterVV.Sprint6.Task7.V14", "Tyuiu.BotterVV.Sprint6.Task7.V14\Tyuiu.BotterVV.Sprint6.Task7.V14.csproj", "{4B0335D4-44B2-4B9F-B06A-30C0A69E68FC}"
EndProject
Project("{FAE04EC0-301F-11D3-BF4B-00C04F79EFBC}") = "Tyuiu.BotterVV.Sprint6.Task7.V14.Lib", "Tyuiu.BotterVV.Sprint6.Task7.V14.Lib\Tyuiu.BotterVV.Sprint6.Task7.V14.Lib.csproj", "{E1109791-77FD-4765-8499-124410876BA5}"
EndProject
Project("{FAE04EC0-301F-11D3-BF4B-00C04F79EFBC}") = "Tyuiu.BotterVV.Sprint6.Task7.V14.Test", "Tyuiu.BotterVV.Sprint6.Task7.V14.Test\Tyuiu.BotterVV.Sprint6.Task7.V14.Test.csproj", "{B72B9D49-5EC1-420D-BD67-7748DF23831C}"
EndProject
Global
	GlobalSection(SolutionConfigurationPlatforms) = preSolution
		Debug|Any CPU = Debug|Any CPU
		Release|Any CPU = Release|Any CPU
	EndGlobalSection
	GlobalSection(ProjectConfigurationPlatforms) = postSolution
		{79944033-56D4-43B3-AABB-639446F8D8E3}.Debug|Any CPU.ActiveCfg = Debug|Any CPU
		{79944033-56D4-43B3-AABB-639446F8D8E3}.Debug|Any CPU.Build.0 = Debug|Any CPU
		{79944033-56D4-43B3-AABB-639446F8D8E3}.Release|Any CPU.ActiveCfg = Release|Any CPU
		{79944033-56D4-43B3-AABB-639446F8D8E3}.Release|Any CPU.Build.0 = Release|Any CPU
		{2C4E5E66-E7F4-4748-ABDC-4B4690E448F3}.Debug|Any CPU.ActiveCfg = Debug|Any CPU
		{2C4E5E66-E7F4-4748-ABDC-4B4690E448F3}.Debug|Any CPU.Build.0 = Debug|Any CPU
		{2C4E5E66-E7F4-4748-ABDC-4B4690E448F3}.Release|Any CPU.ActiveCfg = Release|Any CPU
		{2C4E5E66-E7F4-4748-ABDC-4B4690E448F3}.Release|Any CPU.Build.0 = Release|Any CPU
		{7FD15B57-6211-4C1C-A6F9-D428D3C68673}.Debug|Any CPU.ActiveCfg = Debug|Any CPU
		{7FD15B57-6211-4C1C-A6F9-D428D3C68673}.Debug|Any CPU.Build.0 = Debug|Any CPU
		{7FD15B57-6211-4C1C-A6F9-D428D3C68673}.Release|Any CPU.ActiveCfg = Release|Any CPU
		{7FD15B57-6211-4C1C-A6F9-D428D3C68673}.Release|Any CPU.Build.0 = Release|Any CPU
		{B1578120-97F8-4ADD-BE9F-5191C0888075}.Debug|Any CPU.ActiveCfg = Debug|Any CPU
		{B1578120-97F8-4ADD-BE9F-5191C0888075}.Debug|Any CPU.Build.0 = Debug|Any CPU
		{B1578120-97F8-4ADD-BE9F-5191C0888075}.Release|Any CPU.ActiveCfg = Release|Any CPU
		{B1578120-97F8-4ADD-BE9F-5191C0888075}.Release|Any CPU.Build.0 = Release|Any CPU
		{92DA1073-FA72-4FC5-9657-418FB4EB7929}.Debug|Any CPU.ActiveCfg = Debug|Any CPU
		{92DA1073-FA72-4FC5-9657-418FB4EB7929}.Debug|Any CPU.Build.0 = Debug|Any CPU
		{92DA1073-FA72-4FC5-9657-418FB4EB7929}.Release|Any CPU.ActiveCfg = Release|Any CPU
		{92DA1073-FA72-4FC5-9657-418FB4EB7929}.Release|Any CPU.Build.0 = Release|Any CPU
		{D729DAC3-F1E8-437F-8633-14BC2472A2A9}.Debug|Any CPU.ActiveCfg = Debug|Any CPU
		{D729DAC3-F1E8-437F-8633-14BC2472A2A9}.Debug|Any CPU.Build.0 = Debug|Any CPU
		{D729DAC3-F1E8-437F-8633-14BC2472A2A9}.Release|Any CPU.ActiveCfg = Release|Any CPU
		{D729DAC3-F1E8-437F-8633-14BC2472A2A9}.Release|Any CPU.Build.0 = Release|Any CPU
		{7A55FD77-18A3-4A53-9E52-D5539A525D29}.Debug|Any CPU.ActiveCfg = Debug|Any CPU
		{7A55FD77-18A3-4A53-9E52-D5539A525D29}.Debug|Any CPU.Build.0 = Debug|Any CPU
		{7A55FD77-18A3-4A53-9E52-D5539A525D29}.Release|Any CPU.ActiveCfg = Release|Any CPU
		{7A55FD77-18A3-4A53-9E52-D5539A525D29}.Release|Any CPU.Build.0 = Release|Any CPU
		{88CB32CF-52AD-447E-8C2D-2D0BF5DAB293}.Debug|Any CPU.ActiveCfg = Debug|Any CPU
		{88CB32CF-52AD-447E-8C2D-2D0BF5DAB293}.Debug|Any CPU.Build.0 = Debug|Any CPU
		{88CB32CF-52AD-447E-8C2D-2D0BF5DAB293}.Release|Any CPU.ActiveCfg = Release|Any CPU
		{88CB32CF-52AD-447E-8C2D-2D0BF5DAB293}.Release|Any CPU.Build.0 = Release|Any CPU
		{9B9F8114-7FB4-4BAD-B8D7-97C3298B558A}.Debug|Any CPU.ActiveCfg = Debug|Any CPU
		{9B9F8114-7FB4-4BAD-B8D7-97C3298B558A}.Debug|Any CPU.Build.0 = Debug|Any CPU
		{9B9F8114-7FB4-4BAD-B8D7-97C3298B558A}.Release|Any CPU.ActiveCfg = Release|Any CPU
		{9B9F8114-7FB4-4BAD-B8D7-97C3298B558A}.Release|Any CPU.Build.0 = Release|Any CPU
		{99D5E6B5-044A-4E2D-9C30-64EDF2FE2F9A}.Debug|Any CPU.ActiveCfg = Debug|Any CPU
		{99D5E6B5-044A-4E2D-9C30-64EDF2FE2F9A}.Debug|Any CPU.Build.0 = Debug|Any CPU
		{99D5E6B5-044A-4E2D-9C30-64EDF2FE2F9A}.Release|Any CPU.ActiveCfg = Release|Any CPU
		{99D5E6B5-044A-4E2D-9C30-64EDF2FE2F9A}.Release|Any CPU.Build.0 = Release|Any CPU
		{70EF770E-4B6B-43E4-8B6A-A9042B91DB75}.Debug|Any CPU.ActiveCfg = Debug|Any CPU
		{70EF770E-4B6B-43E4-8B6A-A9042B91DB75}.Debug|Any CPU.Build.0 = Debug|Any CPU
		{70EF770E-4B6B-43E4-8B6A-A9042B91DB75}.Release|Any CPU.ActiveCfg = Release|Any CPU
		{70EF770E-4B6B-43E4-8B6A-A9042B91DB75}.Release|Any CPU.Build.0 = Release|Any CPU
		{984DBB99-FC59-469E-856E-3CA080661D23}.Debug|Any CPU.ActiveCfg = Debug|Any CPU
		{984DBB99-FC59-469E-856E-3CA080661D23}.Debug|Any CPU.Build.0 = Debug|Any CPU
		{984DBB99-FC59-469E-856E-3CA080661D23}.Release|Any CPU.ActiveCfg = Release|Any CPU
		{984DBB99-FC59-469E-856E-3CA080661D23}.Release|Any CPU.Build.0 = Release|Any CPU
		{FF7D9662-FF64-4005-8761-467AC356DB34}.Debug|Any CPU.ActiveCfg = Debug|Any CPU
		{FF7D9662-FF64-4005-8761-467AC356DB34}.Debug|Any CPU.Build.0 = Debug|Any CPU
		{FF7D9662-FF64-4005-8761-467AC356DB34}.Release|Any CPU.ActiveCfg = Release|Any CPU
		{FF7D9662-FF64-4005-8761-467AC356DB34}.Release|Any CPU.Build.0 = Release|Any CPU
		{0DE041FE-3F0D-4857-BE18-11516BA06664}.Debug|Any CPU.ActiveCfg = Debug|Any CPU
		{0DE041FE-3F0D-4857-BE18-11516BA06664}.Debug|Any CPU.Build.0 = Debug|Any CPU
		{0DE041FE-3F0D-4857-BE18-11516BA06664}.Release|Any CPU.ActiveCfg = Release|Any CPU
		{0DE041FE-3F0D-4857-BE18-11516BA06664}.Release|Any CPU.Build.0 = Release|Any CPU
		{CCE07381-FB20-4E36-A97F-BD68797F7FB3}.Debug|Any CPU.ActiveCfg = Debug|Any CPU
		{CCE07381-FB20-4E36-A97F-BD68797F7FB3}.Debug|Any CPU.Build.0 = Debug|Any CPU
		{CCE07381-FB20-4E36-A97F-BD68797F7FB3}.Release|Any CPU.ActiveCfg = Release|Any CPU
		{CCE07381-FB20-4E36-A97F-BD68797F7FB3}.Release|Any CPU.Build.0 = Release|Any CPU
		{06A4445E-205F-45C6-B6B4-757AB3636F00}.Debug|Any CPU.ActiveCfg = Debug|Any CPU
		{06A4445E-205F-45C6-B6B4-757AB3636F00}.Debug|Any CPU.Build.0 = Debug|Any CPU
		{06A4445E-205F-45C6-B6B4-757AB3636F00}.Release|Any CPU.ActiveCfg = Release|Any CPU
		{06A4445E-205F-45C6-B6B4-757AB3636F00}.Release|Any CPU.Build.0 = Release|Any CPU
		{B4580A44-766F-46D0-BF5E-4B5817AD90AA}.Debug|Any CPU.ActiveCfg = Debug|Any CPU
		{B4580A44-766F-46D0-BF5E-4B5817AD90AA}.Debug|Any CPU.Build.0 = Debug|Any CPU
		{B4580A44-766F-46D0-BF5E-4B5817AD90AA}.Release|Any CPU.ActiveCfg = Release|Any CPU
		{B4580A44-766F-46D0-BF5E-4B5817AD90AA}.Release|Any CPU.Build.0 = Release|Any CPU
		{16F25CC4-41EB-42C6-B4E9-3DA38A9D766E}.Debug|Any CPU.ActiveCfg = Debug|Any CPU
		{16F25CC4-41EB-42C6-B4E9-3DA38A9D766E}.Debug|Any CPU.Build.0 = Debug|Any CPU
		{16F25CC4-41EB-42C6-B4E9-3DA38A9D766E}.Release|Any CPU.ActiveCfg = Release|Any CPU
		{16F25CC4-41EB-42C6-B4E9-3DA38A9D766E}.Release|Any CPU.Build.0 = Release|Any CPU
		{F4B57628-931F-425C-B749-CDEBF61F9454}.Debug|Any CPU.ActiveCfg = Debug|Any CPU
		{F4B57628-931F-425C-B749-CDEBF61F9454}.Debug|Any CPU.Build.0 = Debug|Any CPU
		{F4B57628-931F-425C-B749-CDEBF61F9454}.Release|Any CPU.ActiveCfg = Release|Any CPU
		{F4B57628-931F-425C-B749-CDEBF61F9454}.Release|Any CPU.Build.0 = Release|Any CPU
		{8683FC94-E3BF-40C4-B1B2-8DDE0FAAEBBE}.Debug|Any CPU.ActiveCfg = Debug|Any CPU
		{8683FC94-E3BF-40C4-B1B2-8DDE0FAAEBBE}.Debug|Any CPU.Build.0 = Debug|Any CPU
		{8683FC94-E3BF-40C4-B1B2-8DDE0FAAEBBE}.Release|Any CPU.ActiveCfg = Release|Any CPU
		{8683FC94-E3BF-40C4-B1B2-8DDE0FAAEBBE}.Release|Any CPU.Build.0 = Release|Any CPU
		{8B57EFB2-B823-4F2E-BE06-3B69DE8C56ED}.Debug|Any CPU.ActiveCfg = Debug|Any CPU
		{8B57EFB2-B823-4F2E-BE06-3B69DE8C56ED}.Debug|Any CPU.Build.0 = Debug|Any CPU
		{8B57EFB2-B823-4F2E-BE06-3B69DE8C56ED}.Release|Any CPU.ActiveCfg = Release|Any CPU
		{8B57EFB2-B823-4F2E-BE06-3B69DE8C56ED}.Release|Any CPU.Build.0 = Release|Any CPU
		{4B0335D4-44B2-4B9F-B06A-30C0A69E68FC}.Debug|Any CPU.ActiveCfg = Debug|Any CPU
		{4B0335D4-44B2-4B9F-B06A-30C0A69E68FC}.Debug|Any CPU.Build.0 = Debug|Any CPU
		{4B0335D4-44B2-4B9F-B06A-30C0A69E68FC}.Release|Any CPU.ActiveCfg = Release|Any CPU
		{4B0335D4-44B2-4B9F-B06A-30C0A69E68FC}.Release|Any CPU.Build.0 = Release|Any CPU
		{E1109791-77FD-4765-8499-124410876BA5}.Debug|Any CPU.ActiveCfg = Debug|Any CPU
		{E1109791-77FD-4765-8499-124410876BA5}.Debug|Any CPU.Build.0 = Debug|Any CPU
		{E1109791-77FD-4765-8499-124410876BA5}.Release|Any CPU.ActiveCfg = Release|Any CPU
		{E1109791-77FD-4765-8499-124410876BA5}.Release|Any CPU.Build.0 = Release|Any CPU
		{B72B9D49-5EC1-420D-BD67-7748DF23831C}.Debug|Any CPU.ActiveCfg = Debug|Any CPU
		{B72B9D49-5EC1-420D-BD67-7748DF23831C}.Debug|Any CPU.Build.0 = Debug|Any CPU
		{B72B9D49-5EC1-420D-BD67-7748DF23831C}.Release|Any CPU.ActiveCfg = Release|Any CPU
		{B72B9D49-5EC1-420D-BD67-7748DF23831C}.Release|Any CPU.Build.0 = Release|Any CPU
	EndGlobalSection
	GlobalSection(SolutionProperties) = preSolution
		HideSolutionNode = FALSE
	EndGlobalSection
	GlobalSection(NestedProjects) = preSolution
		{79944033-56D4-43B3-AABB-639446F8D8E3} = {D7591708-9A83-4505-8D8D-8BD897550BBB}
		{2C4E5E66-E7F4-4748-ABDC-4B4690E448F3} = {D7591708-9A83-4505-8D8D-8BD897550BBB}
		{7FD15B57-6211-4C1C-A6F9-D428D3C68673} = {D7591708-9A83-4505-8D8D-8BD897550BBB}
		{B1578120-97F8-4ADD-BE9F-5191C0888075} = {036E44DD-E90F-44EB-ABB6-DCB3C347E229}
		{92DA1073-FA72-4FC5-9657-418FB4EB7929} = {036E44DD-E90F-44EB-ABB6-DCB3C347E229}
		{D729DAC3-F1E8-437F-8633-14BC2472A2A9} = {036E44DD-E90F-44EB-ABB6-DCB3C347E229}
		{7A55FD77-18A3-4A53-9E52-D5539A525D29} = {46CCFA3D-EB57-4C34-A233-B5C0C965881F}
		{88CB32CF-52AD-447E-8C2D-2D0BF5DAB293} = {46CCFA3D-EB57-4C34-A233-B5C0C965881F}
		{9B9F8114-7FB4-4BAD-B8D7-97C3298B558A} = {46CCFA3D-EB57-4C34-A233-B5C0C965881F}
		{99D5E6B5-044A-4E2D-9C30-64EDF2FE2F9A} = {59C859A7-C1E5-494D-B3AD-14574AED6CBA}
		{70EF770E-4B6B-43E4-8B6A-A9042B91DB75} = {59C859A7-C1E5-494D-B3AD-14574AED6CBA}
		{984DBB99-FC59-469E-856E-3CA080661D23} = {59C859A7-C1E5-494D-B3AD-14574AED6CBA}
		{FF7D9662-FF64-4005-8761-467AC356DB34} = {4B494202-404D-44D0-B72E-A3C7CD99ED77}
		{0DE041FE-3F0D-4857-BE18-11516BA06664} = {4B494202-404D-44D0-B72E-A3C7CD99ED77}
		{CCE07381-FB20-4E36-A97F-BD68797F7FB3} = {4B494202-404D-44D0-B72E-A3C7CD99ED77}
		{06A4445E-205F-45C6-B6B4-757AB3636F00} = {2C53EC07-D638-42DB-A580-0E4F30684668}
		{B4580A44-766F-46D0-BF5E-4B5817AD90AA} = {2C53EC07-D638-42DB-A580-0E4F30684668}
		{16F25CC4-41EB-42C6-B4E9-3DA38A9D766E} = {2C53EC07-D638-42DB-A580-0E4F30684668}
		{F4B57628-931F-425C-B749-CDEBF61F9454} = {EFADA0D0-01A9-46E8-9D52-4FF29843BECB}
		{8683FC94-E3BF-40C4-B1B2-8DDE0FAAEBBE} = {EFADA0D0-01A9-46E8-9D52-4FF29843BECB}
		{8B57EFB2-B823-4F2E-BE06-3B69DE8C56ED} = {EFADA0D0-01A9-46E8-9D52-4FF29843BECB}
		{4B0335D4-44B2-4B9F-B06A-30C0A69E68FC} = {82AAA941-656D-4089-BE54-03C3CB47FB88}
		{E1109791-77FD-4765-8499-124410876BA5} = {82AAA941-656D-4089-BE54-03C3CB47FB88}
		{B72B9D49-5EC1-420D-BD67-7748DF23831C} = {82AAA941-656D-4089-BE54-03C3CB47FB88}
	EndGlobalSection
	GlobalSection(ExtensibilityGlobals) = postSolution
		SolutionGuid = {AD2CB631-22EE-4460-BDB0-A7C075209BFC}
	EndGlobalSection
EndGlobal
